
Microsoft Visual Studio Solution File, Format Version 12.00
# Visual Studio Version 16
VisualStudioVersion = 16.0.31624.102
MinimumVisualStudioVersion = 10.0.40219.1
Project("{FAE04EC0-301F-11D3-BF4B-00C04F79EFBC}") = "Moveek", "Moveek\Moveek.csproj", "{47EBD6CF-2B1C-43CD-9023-95A22629406C}"
EndProject
Project("{FAE04EC0-301F-11D3-BF4B-00C04F79EFBC}") = "Moveek.Admin", "Moveek.Admin\Moveek.Admin.csproj", "{29A4AA38-894A-4BE6-881C-31E3E74555DD}"
EndProject
Project("{FAE04EC0-301F-11D3-BF4B-00C04F79EFBC}") = "Moveek.API", "Moveek.API\Moveek.API.csproj", "{30BE4DDA-3BC3-432E-932E-1F4D96B7CEF5}"
EndProject
Project("{FAE04EC0-301F-11D3-BF4B-00C04F79EFBC}") = "Moveek.Core", "Moveek.Core\Moveek.Core.csproj", "{44833B1F-3A57-4B6C-93E6-8A357044F925}"
EndProject
Project("{FAE04EC0-301F-11D3-BF4B-00C04F79EFBC}") = "Moveek.Data", "Moveek.Data\Moveek.Data.csproj", "{7347CE08-7365-4CF3-8597-8B4FCC176B88}"
EndProject
Project("{FAE04EC0-301F-11D3-BF4B-00C04F79EFBC}") = "Moveek.Services", "Moveek.Services\Moveek.Services.csproj", "{CA2556E4-968D-42C4-9F0A-F80AC70E2CEF}"
EndProject
Global
	GlobalSection(SolutionConfigurationPlatforms) = preSolution
		Debug|Any CPU = Debug|Any CPU
		Release|Any CPU = Release|Any CPU
	EndGlobalSection
	GlobalSection(ProjectConfigurationPlatforms) = postSolution
		{47EBD6CF-2B1C-43CD-9023-95A22629406C}.Debug|Any CPU.ActiveCfg = Debug|Any CPU
		{47EBD6CF-2B1C-43CD-9023-95A22629406C}.Debug|Any CPU.Build.0 = Debug|Any CPU
		{47EBD6CF-2B1C-43CD-9023-95A22629406C}.Release|Any CPU.ActiveCfg = Release|Any CPU
		{47EBD6CF-2B1C-43CD-9023-95A22629406C}.Release|Any CPU.Build.0 = Release|Any CPU
		{29A4AA38-894A-4BE6-881C-31E3E74555DD}.Debug|Any CPU.ActiveCfg = Debug|Any CPU
		{29A4AA38-894A-4BE6-881C-31E3E74555DD}.Debug|Any CPU.Build.0 = Debug|Any CPU
		{29A4AA38-894A-4BE6-881C-31E3E74555DD}.Release|Any CPU.ActiveCfg = Release|Any CPU
		{29A4AA38-894A-4BE6-881C-31E3E74555DD}.Release|Any CPU.Build.0 = Release|Any CPU
		{30BE4DDA-3BC3-432E-932E-1F4D96B7CEF5}.Debug|Any CPU.ActiveCfg = Debug|Any CPU
		{30BE4DDA-3BC3-432E-932E-1F4D96B7CEF5}.Debug|Any CPU.Build.0 = Debug|Any CPU
		{30BE4DDA-3BC3-432E-932E-1F4D96B7CEF5}.Release|Any CPU.ActiveCfg = Release|Any CPU
		{30BE4DDA-3BC3-432E-932E-1F4D96B7CEF5}.Release|Any CPU.Build.0 = Release|Any CPU
		{44833B1F-3A57-4B6C-93E6-8A357044F925}.Debug|Any CPU.ActiveCfg = Debug|Any CPU
		{44833B1F-3A57-4B6C-93E6-8A357044F925}.Debug|Any CPU.Build.0 = Debug|Any CPU
		{44833B1F-3A57-4B6C-93E6-8A357044F925}.Release|Any CPU.ActiveCfg = Release|Any CPU
		{44833B1F-3A57-4B6C-93E6-8A357044F925}.Release|Any CPU.Build.0 = Release|Any CPU
		{7347CE08-7365-4CF3-8597-8B4FCC176B88}.Debug|Any CPU.ActiveCfg = Debug|Any CPU
		{7347CE08-7365-4CF3-8597-8B4FCC176B88}.Debug|Any CPU.Build.0 = Debug|Any CPU
		{7347CE08-7365-4CF3-8597-8B4FCC176B88}.Release|Any CPU.ActiveCfg = Release|Any CPU
		{7347CE08-7365-4CF3-8597-8B4FCC176B88}.Release|Any CPU.Build.0 = Release|Any CPU
		{CA2556E4-968D-42C4-9F0A-F80AC70E2CEF}.Debug|Any CPU.ActiveCfg = Debug|Any CPU
		{CA2556E4-968D-42C4-9F0A-F80AC70E2CEF}.Debug|Any CPU.Build.0 = Debug|Any CPU
		{CA2556E4-968D-42C4-9F0A-F80AC70E2CEF}.Release|Any CPU.ActiveCfg = Release|Any CPU
		{CA2556E4-968D-42C4-9F0A-F80AC70E2CEF}.Release|Any CPU.Build.0 = Release|Any CPU
	EndGlobalSection
	GlobalSection(SolutionProperties) = preSolution
		HideSolutionNode = FALSE
	EndGlobalSection
	GlobalSection(ExtensibilityGlobals) = postSolution
		SolutionGuid = {E7A04FD3-7C72-4008-9808-BD07BAC9FB0B}
	EndGlobalSection
EndGlobal
